
Microsoft Visual Studio Solution File, Format Version 12.00
# Visual Studio Version 17
VisualStudioVersion = 17.11.35303.130
MinimumVisualStudioVersion = 10.0.40219.1
Project("{FAE04EC0-301F-11D3-BF4B-00C04F79EFBC}") = "WindowsFormsApp1", "WindowsFormsApp1\WindowsFormsApp1.csproj", "{9B6567AF-450F-44BA-9756-896DC700D6B5}"
EndProject
Global
	GlobalSection(SolutionConfigurationPlatforms) = preSolution
		Debug|Any CPU = Debug|Any CPU
		Release|Any CPU = Release|Any CPU
	EndGlobalSection
	GlobalSection(ProjectConfigurationPlatforms) = postSolution
		{9B6567AF-450F-44BA-9756-896DC700D6B5}.Debug|Any CPU.ActiveCfg = Debug|Any CPU
		{9B6567AF-450F-44BA-9756-896DC700D6B5}.Debug|Any CPU.Build.0 = Debug|Any CPU
		{9B6567AF-450F-44BA-9756-896DC700D6B5}.Release|Any CPU.ActiveCfg = Release|Any CPU
		{9B6567AF-450F-44BA-9756-896DC700D6B5}.Release|Any CPU.Build.0 = Release|Any CPU
	EndGlobalSection
	GlobalSection(SolutionProperties) = preSolution
		HideSolutionNode = FALSE
	EndGlobalSection
	GlobalSection(ExtensibilityGlobals) = postSolution
		SolutionGuid = {D87E19A4-CA6F-4D95-AE86-14396BFD470C}
	EndGlobalSection
EndGlobal
